
Microsoft Visual Studio Solution File, Format Version 12.00
# Visual Studio Version 17
VisualStudioVersion = 17.0.31903.59
MinimumVisualStudioVersion = 10.0.40219.1
Project("{2150E333-8FDC-42A3-9474-1A3956D46DE8}") = "src", "src", "{827E0CD3-B72D-47B6-A68D-7590B98EB39B}"
EndProject
Project("{FAE04EC0-301F-11D3-BF4B-00C04F79EFBC}") = "CoreWatch.Atlas.Contracts", "src\CoreWatch.Atlas.Contracts\CoreWatch.Atlas.Contracts.csproj", "{BE1A1A5A-08A2-492A-A23A-AB8C9D981935}"
EndProject
Project("{FAE04EC0-301F-11D3-BF4B-00C04F79EFBC}") = "CoreWatch.Atlas.Agent", "src\CoreWatch.Atlas.Agent\CoreWatch.Atlas.Agent.csproj", "{CEAACB8C-D584-4BD2-9D68-8F9AC50222C2}"
EndProject
Project("{FAE04EC0-301F-11D3-BF4B-00C04F79EFBC}") = "CoreWatch.Atlas.Contracts.Tests", "tests\CoreWatch.Atlas.Contracts.Tests\CoreWatch.Atlas.Contracts.Tests.csproj", "{0C5D19EE-08FF-4CF9-B87D-7D94335C68C0}"
EndProject
Project("{2150E333-8FDC-42A3-9474-1A3956D46DE8}") = "tests", "tests", "{0AB3BF05-4346-4AA6-1389-037BE0695223}"
EndProject
Project("{FAE04EC0-301F-11D3-BF4B-00C04F79EFBC}") = "CoreWatch.Atlas.Agent.Tests", "tests\CoreWatch.Atlas.Agent.Tests\CoreWatch.Atlas.Agent.Tests.csproj", "{2AF945BD-76CA-4727-A3AB-EF3A19202AFA}"
EndProject
Project("{FAE04EC0-301F-11D3-BF4B-00C04F79EFBC}") = "CoreWatch.Atlas.Collectors.Linux", "src\CoreWatch.Atlas.Collectors.Linux\CoreWatch.Atlas.Collectors.Linux.csproj", "{07EB54D2-6DA3-40D2-81F9-68650DA10162}"
EndProject
Project("{FAE04EC0-301F-11D3-BF4B-00C04F79EFBC}") = "CoreWatch.Atlas.Collectors.Linux.Tests", "tests\CoreWatch.Atlas.Collectors.Linux.Tests\CoreWatch.Atlas.Collectors.Linux.Tests.csproj", "{CD1B053C-B891-499F-A4B9-4046CA066A05}"
EndProject
Project("{FAE04EC0-301F-11D3-BF4B-00C04F79EFBC}") = "CoreWatch.Atlas.Collectors.Windows", "src\CoreWatch.Atlas.Collectors.Windows\CoreWatch.Atlas.Collectors.Windows.csproj", "{9F77C5D0-46E6-44E5-9FE6-1C1A30D96D07}"
EndProject
Project("{FAE04EC0-301F-11D3-BF4B-00C04F79EFBC}") = "CoreWatch.Atlas.Collectors.Windows.Tests", "tests\CoreWatch.Atlas.Collectors.Windows.Tests\CoreWatch.Atlas.Collectors.Windows.Tests.csproj", "{4A527074-3C29-4B4D-ACA2-9F8B1DBB0961}"
EndProject
Project("{FAE04EC0-301F-11D3-BF4B-00C04F79EFBC}") = "CoreWatch.Atlas.Server.Tests", "tests\CoreWatch.Atlas.Server.Tests\CoreWatch.Atlas.Server.Tests.csproj", "{468AA81F-BB24-4F25-A43C-0A35094C08DB}"
EndProject
Project("{FAE04EC0-301F-11D3-BF4B-00C04F79EFBC}") = "CoreWatch.Atlas.Server", "src\CoreWatch.Atlas.Server\CoreWatch.Atlas.Server.csproj", "{29C4684D-B974-425F-9087-83CAE1B8894B}"
EndProject
Global
	GlobalSection(SolutionConfigurationPlatforms) = preSolution
		Debug|Any CPU = Debug|Any CPU
		Debug|x64 = Debug|x64
		Debug|x86 = Debug|x86
		Release|Any CPU = Release|Any CPU
		Release|x64 = Release|x64
		Release|x86 = Release|x86
	EndGlobalSection
	GlobalSection(ProjectConfigurationPlatforms) = postSolution
		{BE1A1A5A-08A2-492A-A23A-AB8C9D981935}.Debug|Any CPU.ActiveCfg = Debug|Any CPU
		{BE1A1A5A-08A2-492A-A23A-AB8C9D981935}.Debug|Any CPU.Build.0 = Debug|Any CPU
		{BE1A1A5A-08A2-492A-A23A-AB8C9D981935}.Debug|x64.ActiveCfg = Debug|Any CPU
		{BE1A1A5A-08A2-492A-A23A-AB8C9D981935}.Debug|x64.Build.0 = Debug|Any CPU
		{BE1A1A5A-08A2-492A-A23A-AB8C9D981935}.Debug|x86.ActiveCfg = Debug|Any CPU
		{BE1A1A5A-08A2-492A-A23A-AB8C9D981935}.Debug|x86.Build.0 = Debug|Any CPU
		{BE1A1A5A-08A2-492A-A23A-AB8C9D981935}.Release|Any CPU.ActiveCfg = Release|Any CPU
		{BE1A1A5A-08A2-492A-A23A-AB8C9D981935}.Release|Any CPU.Build.0 = Release|Any CPU
		{BE1A1A5A-08A2-492A-A23A-AB8C9D981935}.Release|x64.ActiveCfg = Release|Any CPU
		{BE1A1A5A-08A2-492A-A23A-AB8C9D981935}.Release|x64.Build.0 = Release|Any CPU
		{BE1A1A5A-08A2-492A-A23A-AB8C9D981935}.Release|x86.ActiveCfg = Release|Any CPU
		{BE1A1A5A-08A2-492A-A23A-AB8C9D981935}.Release|x86.Build.0 = Release|Any CPU
		{CEAACB8C-D584-4BD2-9D68-8F9AC50222C2}.Debug|Any CPU.ActiveCfg = Debug|Any CPU
		{CEAACB8C-D584-4BD2-9D68-8F9AC50222C2}.Debug|Any CPU.Build.0 = Debug|Any CPU
		{CEAACB8C-D584-4BD2-9D68-8F9AC50222C2}.Debug|x64.ActiveCfg = Debug|Any CPU
		{CEAACB8C-D584-4BD2-9D68-8F9AC50222C2}.Debug|x64.Build.0 = Debug|Any CPU
		{CEAACB8C-D584-4BD2-9D68-8F9AC50222C2}.Debug|x86.ActiveCfg = Debug|Any CPU
		{CEAACB8C-D584-4BD2-9D68-8F9AC50222C2}.Debug|x86.Build.0 = Debug|Any CPU
		{CEAACB8C-D584-4BD2-9D68-8F9AC50222C2}.Release|Any CPU.ActiveCfg = Release|Any CPU
		{CEAACB8C-D584-4BD2-9D68-8F9AC50222C2}.Release|Any CPU.Build.0 = Release|Any CPU
		{CEAACB8C-D584-4BD2-9D68-8F9AC50222C2}.Release|x64.ActiveCfg = Release|Any CPU
		{CEAACB8C-D584-4BD2-9D68-8F9AC50222C2}.Release|x64.Build.0 = Release|Any CPU
		{CEAACB8C-D584-4BD2-9D68-8F9AC50222C2}.Release|x86.ActiveCfg = Release|Any CPU
		{CEAACB8C-D584-4BD2-9D68-8F9AC50222C2}.Release|x86.Build.0 = Release|Any CPU
		{0C5D19EE-08FF-4CF9-B87D-7D94335C68C0}.Debug|Any CPU.ActiveCfg = Debug|Any CPU
		{0C5D19EE-08FF-4CF9-B87D-7D94335C68C0}.Debug|Any CPU.Build.0 = Debug|Any CPU
		{0C5D19EE-08FF-4CF9-B87D-7D94335C68C0}.Debug|x64.ActiveCfg = Debug|Any CPU
		{0C5D19EE-08FF-4CF9-B87D-7D94335C68C0}.Debug|x64.Build.0 = Debug|Any CPU
		{0C5D19EE-08FF-4CF9-B87D-7D94335C68C0}.Debug|x86.ActiveCfg = Debug|Any CPU
		{0C5D19EE-08FF-4CF9-B87D-7D94335C68C0}.Debug|x86.Build.0 = Debug|Any CPU
		{0C5D19EE-08FF-4CF9-B87D-7D94335C68C0}.Release|Any CPU.ActiveCfg = Release|Any CPU
		{0C5D19EE-08FF-4CF9-B87D-7D94335C68C0}.Release|Any CPU.Build.0 = Release|Any CPU
		{0C5D19EE-08FF-4CF9-B87D-7D94335C68C0}.Release|x64.ActiveCfg = Release|Any CPU
		{0C5D19EE-08FF-4CF9-B87D-7D94335C68C0}.Release|x64.Build.0 = Release|Any CPU
		{0C5D19EE-08FF-4CF9-B87D-7D94335C68C0}.Release|x86.ActiveCfg = Release|Any CPU
		{0C5D19EE-08FF-4CF9-B87D-7D94335C68C0}.Release|x86.Build.0 = Release|Any CPU
		{2AF945BD-76CA-4727-A3AB-EF3A19202AFA}.Debug|Any CPU.ActiveCfg = Debug|Any CPU
		{2AF945BD-76CA-4727-A3AB-EF3A19202AFA}.Debug|Any CPU.Build.0 = Debug|Any CPU
		{2AF945BD-76CA-4727-A3AB-EF3A19202AFA}.Debug|x64.ActiveCfg = Debug|Any CPU
		{2AF945BD-76CA-4727-A3AB-EF3A19202AFA}.Debug|x64.Build.0 = Debug|Any CPU
		{2AF945BD-76CA-4727-A3AB-EF3A19202AFA}.Debug|x86.ActiveCfg = Debug|Any CPU
		{2AF945BD-76CA-4727-A3AB-EF3A19202AFA}.Debug|x86.Build.0 = Debug|Any CPU
		{2AF945BD-76CA-4727-A3AB-EF3A19202AFA}.Release|Any CPU.ActiveCfg = Release|Any CPU
		{2AF945BD-76CA-4727-A3AB-EF3A19202AFA}.Release|Any CPU.Build.0 = Release|Any CPU
		{2AF945BD-76CA-4727-A3AB-EF3A19202AFA}.Release|x64.ActiveCfg = Release|Any CPU
		{2AF945BD-76CA-4727-A3AB-EF3A19202AFA}.Release|x64.Build.0 = Release|Any CPU
		{2AF945BD-76CA-4727-A3AB-EF3A19202AFA}.Release|x86.ActiveCfg = Release|Any CPU
		{2AF945BD-76CA-4727-A3AB-EF3A19202AFA}.Release|x86.Build.0 = Release|Any CPU
		{07EB54D2-6DA3-40D2-81F9-68650DA10162}.Debug|Any CPU.ActiveCfg = Debug|Any CPU
		{07EB54D2-6DA3-40D2-81F9-68650DA10162}.Debug|Any CPU.Build.0 = Debug|Any CPU
		{07EB54D2-6DA3-40D2-81F9-68650DA10162}.Debug|x64.ActiveCfg = Debug|Any CPU
		{07EB54D2-6DA3-40D2-81F9-68650DA10162}.Debug|x64.Build.0 = Debug|Any CPU
		{07EB54D2-6DA3-40D2-81F9-68650DA10162}.Debug|x86.ActiveCfg = Debug|Any CPU
		{07EB54D2-6DA3-40D2-81F9-68650DA10162}.Debug|x86.Build.0 = Debug|Any CPU
		{07EB54D2-6DA3-40D2-81F9-68650DA10162}.Release|Any CPU.ActiveCfg = Release|Any CPU
		{07EB54D2-6DA3-40D2-81F9-68650DA10162}.Release|Any CPU.Build.0 = Release|Any CPU
		{07EB54D2-6DA3-40D2-81F9-68650DA10162}.Release|x64.ActiveCfg = Release|Any CPU
		{07EB54D2-6DA3-40D2-81F9-68650DA10162}.Release|x64.Build.0 = Release|Any CPU
		{07EB54D2-6DA3-40D2-81F9-68650DA10162}.Release|x86.ActiveCfg = Release|Any CPU
		{07EB54D2-6DA3-40D2-81F9-68650DA10162}.Release|x86.Build.0 = Release|Any CPU
		{CD1B053C-B891-499F-A4B9-4046CA066A05}.Debug|Any CPU.ActiveCfg = Debug|Any CPU
		{CD1B053C-B891-499F-A4B9-4046CA066A05}.Debug|Any CPU.Build.0 = Debug|Any CPU
		{CD1B053C-B891-499F-A4B9-4046CA066A05}.Debug|x64.ActiveCfg = Debug|Any CPU
		{CD1B053C-B891-499F-A4B9-4046CA066A05}.Debug|x64.Build.0 = Debug|Any CPU
		{CD1B053C-B891-499F-A4B9-4046CA066A05}.Debug|x86.ActiveCfg = Debug|Any CPU
		{CD1B053C-B891-499F-A4B9-4046CA066A05}.Debug|x86.Build.0 = Debug|Any CPU
		{CD1B053C-B891-499F-A4B9-4046CA066A05}.Release|Any CPU.ActiveCfg = Release|Any CPU
		{CD1B053C-B891-499F-A4B9-4046CA066A05}.Release|Any CPU.Build.0 = Release|Any CPU
		{CD1B053C-B891-499F-A4B9-4046CA066A05}.Release|x64.ActiveCfg = Release|Any CPU
		{CD1B053C-B891-499F-A4B9-4046CA066A05}.Release|x64.Build.0 = Release|Any CPU
		{CD1B053C-B891-499F-A4B9-4046CA066A05}.Release|x86.ActiveCfg = Release|Any CPU
		{CD1B053C-B891-499F-A4B9-4046CA066A05}.Release|x86.Build.0 = Release|Any CPU
		{9F77C5D0-46E6-44E5-9FE6-1C1A30D96D07}.Debug|Any CPU.ActiveCfg = Debug|Any CPU
		{9F77C5D0-46E6-44E5-9FE6-1C1A30D96D07}.Debug|Any CPU.Build.0 = Debug|Any CPU
		{9F77C5D0-46E6-44E5-9FE6-1C1A30D96D07}.Debug|x64.ActiveCfg = Debug|Any CPU
		{9F77C5D0-46E6-44E5-9FE6-1C1A30D96D07}.Debug|x64.Build.0 = Debug|Any CPU
		{9F77C5D0-46E6-44E5-9FE6-1C1A30D96D07}.Debug|x86.ActiveCfg = Debug|Any CPU
		{9F77C5D0-46E6-44E5-9FE6-1C1A30D96D07}.Debug|x86.Build.0 = Debug|Any CPU
		{9F77C5D0-46E6-44E5-9FE6-1C1A30D96D07}.Release|Any CPU.ActiveCfg = Release|Any CPU
		{9F77C5D0-46E6-44E5-9FE6-1C1A30D96D07}.Release|Any CPU.Build.0 = Release|Any CPU
		{9F77C5D0-46E6-44E5-9FE6-1C1A30D96D07}.Release|x64.ActiveCfg = Release|Any CPU
		{9F77C5D0-46E6-44E5-9FE6-1C1A30D96D07}.Release|x64.Build.0 = Release|Any CPU
		{9F77C5D0-46E6-44E5-9FE6-1C1A30D96D07}.Release|x86.ActiveCfg = Release|Any CPU
		{9F77C5D0-46E6-44E5-9FE6-1C1A30D96D07}.Release|x86.Build.0 = Release|Any CPU
		{4A527074-3C29-4B4D-ACA2-9F8B1DBB0961}.Debug|Any CPU.ActiveCfg = Debug|Any CPU
		{4A527074-3C29-4B4D-ACA2-9F8B1DBB0961}.Debug|Any CPU.Build.0 = Debug|Any CPU
		{4A527074-3C29-4B4D-ACA2-9F8B1DBB0961}.Debug|x64.ActiveCfg = Debug|Any CPU
		{4A527074-3C29-4B4D-ACA2-9F8B1DBB0961}.Debug|x64.Build.0 = Debug|Any CPU
		{4A527074-3C29-4B4D-ACA2-9F8B1DBB0961}.Debug|x86.ActiveCfg = Debug|Any CPU
		{4A527074-3C29-4B4D-ACA2-9F8B1DBB0961}.Debug|x86.Build.0 = Debug|Any CPU
		{4A527074-3C29-4B4D-ACA2-9F8B1DBB0961}.Release|Any CPU.ActiveCfg = Release|Any CPU
		{4A527074-3C29-4B4D-ACA2-9F8B1DBB0961}.Release|Any CPU.Build.0 = Release|Any CPU
		{4A527074-3C29-4B4D-ACA2-9F8B1DBB0961}.Release|x64.ActiveCfg = Release|Any CPU
		{4A527074-3C29-4B4D-ACA2-9F8B1DBB0961}.Release|x64.Build.0 = Release|Any CPU
		{4A527074-3C29-4B4D-ACA2-9F8B1DBB0961}.Release|x86.ActiveCfg = Release|Any CPU
		{4A527074-3C29-4B4D-ACA2-9F8B1DBB0961}.Release|x86.Build.0 = Release|Any CPU
		{468AA81F-BB24-4F25-A43C-0A35094C08DB}.Debug|Any CPU.ActiveCfg = Debug|Any CPU
		{468AA81F-BB24-4F25-A43C-0A35094C08DB}.Debug|Any CPU.Build.0 = Debug|Any CPU
		{468AA81F-BB24-4F25-A43C-0A35094C08DB}.Debug|x64.ActiveCfg = Debug|Any CPU
		{468AA81F-BB24-4F25-A43C-0A35094C08DB}.Debug|x64.Build.0 = Debug|Any CPU
		{468AA81F-BB24-4F25-A43C-0A35094C08DB}.Debug|x86.ActiveCfg = Debug|Any CPU
		{468AA81F-BB24-4F25-A43C-0A35094C08DB}.Debug|x86.Build.0 = Debug|Any CPU
		{468AA81F-BB24-4F25-A43C-0A35094C08DB}.Release|Any CPU.ActiveCfg = Release|Any CPU
		{468AA81F-BB24-4F25-A43C-0A35094C08DB}.Release|Any CPU.Build.0 = Release|Any CPU
		{468AA81F-BB24-4F25-A43C-0A35094C08DB}.Release|x64.ActiveCfg = Release|Any CPU
		{468AA81F-BB24-4F25-A43C-0A35094C08DB}.Release|x64.Build.0 = Release|Any CPU
		{468AA81F-BB24-4F25-A43C-0A35094C08DB}.Release|x86.ActiveCfg = Release|Any CPU
		{468AA81F-BB24-4F25-A43C-0A35094C08DB}.Release|x86.Build.0 = Release|Any CPU
		{29C4684D-B974-425F-9087-83CAE1B8894B}.Debug|Any CPU.ActiveCfg = Debug|Any CPU
		{29C4684D-B974-425F-9087-83CAE1B8894B}.Debug|Any CPU.Build.0 = Debug|Any CPU
		{29C4684D-B974-425F-9087-83CAE1B8894B}.Debug|x64.ActiveCfg = Debug|Any CPU
		{29C4684D-B974-425F-9087-83CAE1B8894B}.Debug|x64.Build.0 = Debug|Any CPU
		{29C4684D-B974-425F-9087-83CAE1B8894B}.Debug|x86.ActiveCfg = Debug|Any CPU
		{29C4684D-B974-425F-9087-83CAE1B8894B}.Debug|x86.Build.0 = Debug|Any CPU
		{29C4684D-B974-425F-9087-83CAE1B8894B}.Release|Any CPU.ActiveCfg = Release|Any CPU
		{29C4684D-B974-425F-9087-83CAE1B8894B}.Release|Any CPU.Build.0 = Release|Any CPU
		{29C4684D-B974-425F-9087-83CAE1B8894B}.Release|x64.ActiveCfg = Release|Any CPU
		{29C4684D-B974-425F-9087-83CAE1B8894B}.Release|x64.Build.0 = Release|Any CPU
		{29C4684D-B974-425F-9087-83CAE1B8894B}.Release|x86.ActiveCfg = Release|Any CPU
		{29C4684D-B974-425F-9087-83CAE1B8894B}.Release|x86.Build.0 = Release|Any CPU
	EndGlobalSection
	GlobalSection(SolutionProperties) = preSolution
		HideSolutionNode = FALSE
	EndGlobalSection
	GlobalSection(NestedProjects) = preSolution
		{BE1A1A5A-08A2-492A-A23A-AB8C9D981935} = {827E0CD3-B72D-47B6-A68D-7590B98EB39B}
		{CEAACB8C-D584-4BD2-9D68-8F9AC50222C2} = {827E0CD3-B72D-47B6-A68D-7590B98EB39B}
		{0C5D19EE-08FF-4CF9-B87D-7D94335C68C0} = {0AB3BF05-4346-4AA6-1389-037BE0695223}
		{2AF945BD-76CA-4727-A3AB-EF3A19202AFA} = {0AB3BF05-4346-4AA6-1389-037BE0695223}
		{07EB54D2-6DA3-40D2-81F9-68650DA10162} = {827E0CD3-B72D-47B6-A68D-7590B98EB39B}
		{CD1B053C-B891-499F-A4B9-4046CA066A05} = {0AB3BF05-4346-4AA6-1389-037BE0695223}
		{9F77C5D0-46E6-44E5-9FE6-1C1A30D96D07} = {827E0CD3-B72D-47B6-A68D-7590B98EB39B}
		{4A527074-3C29-4B4D-ACA2-9F8B1DBB0961} = {0AB3BF05-4346-4AA6-1389-037BE0695223}
		{468AA81F-BB24-4F25-A43C-0A35094C08DB} = {0AB3BF05-4346-4AA6-1389-037BE0695223}
		{29C4684D-B974-425F-9087-83CAE1B8894B} = {827E0CD3-B72D-47B6-A68D-7590B98EB39B}
	EndGlobalSection
EndGlobal
